
Microsoft Visual Studio Solution File, Format Version 12.00
# Visual Studio Version 17
VisualStudioVersion = 17.5.33424.131
MinimumVisualStudioVersion = 10.0.40219.1
Project("{FAE04EC0-301F-11D3-BF4B-00C04F79EFBC}") = "RamenPickingGame", "RamenPickingGame\RamenPickingGame.csproj", "{A7EA7BA1-D092-4C64-B86F-58B89D7D0A23}"
EndProject
Global
	GlobalSection(SolutionConfigurationPlatforms) = preSolution
		Debug|Any CPU = Debug|Any CPU
		Release|Any CPU = Release|Any CPU
	EndGlobalSection
	GlobalSection(ProjectConfigurationPlatforms) = postSolution
		{A7EA7BA1-D092-4C64-B86F-58B89D7D0A23}.Debug|Any CPU.ActiveCfg = Debug|Any CPU
		{A7EA7BA1-D092-4C64-B86F-58B89D7D0A23}.Debug|Any CPU.Build.0 = Debug|Any CPU
		{A7EA7BA1-D092-4C64-B86F-58B89D7D0A23}.Release|Any CPU.ActiveCfg = Release|Any CPU
		{A7EA7BA1-D092-4C64-B86F-58B89D7D0A23}.Release|Any CPU.Build.0 = Release|Any CPU
	EndGlobalSection
	GlobalSection(SolutionProperties) = preSolution
		HideSolutionNode = FALSE
	EndGlobalSection
	GlobalSection(ExtensibilityGlobals) = postSolution
		SolutionGuid = {EED3A61B-1829-446A-9C47-6B67F8F9B65B}
	EndGlobalSection
EndGlobal
